
Microsoft Visual Studio Solution File, Format Version 12.00
# Visual Studio Version 17
VisualStudioVersion = 17.6.33829.357
MinimumVisualStudioVersion = 10.0.40219.1
Project("{FAE04EC0-301F-11D3-BF4B-00C04F79EFBC}") = "1xstavka", "1xbetVilka\1xstavka.csproj", "{767799E6-761D-4B84-B09C-A2C3EB415969}"
EndProject
Global
	GlobalSection(SolutionConfigurationPlatforms) = preSolution
		Debug|Any CPU = Debug|Any CPU
		Release|Any CPU = Release|Any CPU
	EndGlobalSection
	GlobalSection(ProjectConfigurationPlatforms) = postSolution
		{767799E6-761D-4B84-B09C-A2C3EB415969}.Debug|Any CPU.ActiveCfg = Debug|Any CPU
		{767799E6-761D-4B84-B09C-A2C3EB415969}.Debug|Any CPU.Build.0 = Debug|Any CPU
		{767799E6-761D-4B84-B09C-A2C3EB415969}.Release|Any CPU.ActiveCfg = Release|Any CPU
		{767799E6-761D-4B84-B09C-A2C3EB415969}.Release|Any CPU.Build.0 = Release|Any CPU
	EndGlobalSection
	GlobalSection(SolutionProperties) = preSolution
		HideSolutionNode = FALSE
	EndGlobalSection
	GlobalSection(ExtensibilityGlobals) = postSolution
		SolutionGuid = {5FEAB93B-9E7B-412A-BFCC-B626C2E0A542}
	EndGlobalSection
EndGlobal
